// !$*UTF8*$!
{
	archiveVersion = 1;
	classes = {
	};
	objectVersion = 50;
	objects = {

/* Begin PBXBuildFile section */
		8843D1342267D26F003EA1B5 /* AppDelegate.swift in Sources */ = {isa = PBXBuildFile; fileRef = 8843D1332267D26F003EA1B5 /* AppDelegate.swift */; };
		8843D1362267D26F003EA1B5 /* ViewController.swift in Sources */ = {isa = PBXBuildFile; fileRef = 8843D1352267D26F003EA1B5 /* ViewController.swift */; };
		8843D1392267D26F003EA1B5 /* Main.storyboard in Resources */ = {isa = PBXBuildFile; fileRef = 8843D1372267D26F003EA1B5 /* Main.storyboard */; };
		8843D13C2267D26F003EA1B5 /* LaraMobile.xcdatamodeld in Sources */ = {isa = PBXBuildFile; fileRef = 8843D13A2267D26F003EA1B5 /* LaraMobile.xcdatamodeld */; };
		8843D13E2267D271003EA1B5 /* Assets.xcassets in Resources */ = {isa = PBXBuildFile; fileRef = 8843D13D2267D271003EA1B5 /* Assets.xcassets */; };
		8843D1412267D271003EA1B5 /* LaunchScreen.storyboard in Resources */ = {isa = PBXBuildFile; fileRef = 8843D13F2267D271003EA1B5 /* LaunchScreen.storyboard */; };
		8843D16B2267D31B003EA1B5 /* AppDelegate.swift in Sources */ = {isa = PBXBuildFile; fileRef = 8843D16A2267D31B003EA1B5 /* AppDelegate.swift */; };
		8843D16D2267D31B003EA1B5 /* ViewController.swift in Sources */ = {isa = PBXBuildFile; fileRef = 8843D16C2267D31B003EA1B5 /* ViewController.swift */; };
		8843D1702267D31B003EA1B5 /* Main.storyboard in Resources */ = {isa = PBXBuildFile; fileRef = 8843D16E2267D31B003EA1B5 /* Main.storyboard */; };
		8843D1752267D31C003EA1B5 /* LaunchScreen.storyboard in Resources */ = {isa = PBXBuildFile; fileRef = 8843D1732267D31C003EA1B5 /* LaunchScreen.storyboard */; };
		8843D17B2267D436003EA1B5 /* Assets.xcassets in Resources */ = {isa = PBXBuildFile; fileRef = 8843D13D2267D271003EA1B5 /* Assets.xcassets */; };
/* End PBXBuildFile section */

/* Begin PBXFileReference section */
		8843D1302267D26F003EA1B5 /* LaraMobile.app */ = {isa = PBXFileReference; explicitFileType = wrapper.application; includeInIndex = 0; path = LaraMobile.app; sourceTree = BUILT_PRODUCTS_DIR; };
		8843D1332267D26F003EA1B5 /* AppDelegate.swift */ = {isa = PBXFileReference; lastKnownFileType = sourcecode.swift; path = AppDelegate.swift; sourceTree = "<group>"; };
		8843D1352267D26F003EA1B5 /* ViewController.swift */ = {isa = PBXFileReference; lastKnownFileType = sourcecode.swift; path = ViewController.swift; sourceTree = "<group>"; };
		8843D1382267D26F003EA1B5 /* Base */ = {isa = PBXFileReference; lastKnownFileType = file.storyboard; name = Base; path = Base.lproj/Main.storyboard; sourceTree = "<group>"; };
		8843D13B2267D26F003EA1B5 /* LaraMobile.xcdatamodel */ = {isa = PBXFileReference; lastKnownFileType = wrapper.xcdatamodel; path = LaraMobile.xcdatamodel; sourceTree = "<group>"; };
		8843D13D2267D271003EA1B5 /* Assets.xcassets */ = {isa = PBXFileReference; lastKnownFileType = folder.assetcatalog; path = Assets.xcassets; sourceTree = "<group>"; };
		8843D1402267D271003EA1B5 /* Base */ = {isa = PBXFileReference; lastKnownFileType = file.storyboard; name = Base; path = Base.lproj/LaunchScreen.storyboard; sourceTree = "<group>"; };
		8843D1422267D271003EA1B5 /* Info.plist */ = {isa = PBXFileReference; lastKnownFileType = text.plist.xml; path = Info.plist; sourceTree = "<group>"; };
		8843D1682267D31B003EA1B5 /* LaraMobileAdmin.app */ = {isa = PBXFileReference; explicitFileType = wrapper.application; includeInIndex = 0; path = LaraMobileAdmin.app; sourceTree = BUILT_PRODUCTS_DIR; };
		8843D16A2267D31B003EA1B5 /* AppDelegate.swift */ = {isa = PBXFileReference; lastKnownFileType = sourcecode.swift; path = AppDelegate.swift; sourceTree = "<group>"; };
		8843D16C2267D31B003EA1B5 /* ViewController.swift */ = {isa = PBXFileReference; lastKnownFileType = sourcecode.swift; path = ViewController.swift; sourceTree = "<group>"; };
		8843D16F2267D31B003EA1B5 /* Base */ = {isa = PBXFileReference; lastKnownFileType = file.storyboard; name = Base; path = Base.lproj/Main.storyboard; sourceTree = "<group>"; };
		8843D1742267D31C003EA1B5 /* Base */ = {isa = PBXFileReference; lastKnownFileType = file.storyboard; name = Base; path = Base.lproj/LaunchScreen.storyboard; sourceTree = "<group>"; };
		8843D1762267D31C003EA1B5 /* Info.plist */ = {isa = PBXFileReference; lastKnownFileType = text.plist.xml; path = Info.plist; sourceTree = "<group>"; };
/* End PBXFileReference section */

/* Begin PBXFrameworksBuildPhase section */
		8843D12D2267D26F003EA1B5 /* Frameworks */ = {
			isa = PBXFrameworksBuildPhase;
			buildActionMask = 2147483647;
			files = (
			);
			runOnlyForDeploymentPostprocessing = 0;
		};
		8843D1652267D31B003EA1B5 /* Frameworks */ = {
			isa = PBXFrameworksBuildPhase;
			buildActionMask = 2147483647;
			files = (
			);
			runOnlyForDeploymentPostprocessing = 0;
		};
/* End PBXFrameworksBuildPhase section */

/* Begin PBXGroup section */
		8843D1272267D26F003EA1B5 = {
			isa = PBXGroup;
			children = (
				8843D17A2267D3C3003EA1B5 /* Shared */,
				8843D1322267D26F003EA1B5 /* LaraMobile */,
				8843D1692267D31B003EA1B5 /* LaraMobileAdmin */,
				8843D1312267D26F003EA1B5 /* Products */,
			);
			sourceTree = "<group>";
		};
		8843D1312267D26F003EA1B5 /* Products */ = {
			isa = PBXGroup;
			children = (
				8843D1302267D26F003EA1B5 /* LaraMobile.app */,
				8843D1682267D31B003EA1B5 /* LaraMobileAdmin.app */,
			);
			name = Products;
			sourceTree = "<group>";
		};
		8843D1322267D26F003EA1B5 /* LaraMobile */ = {
			isa = PBXGroup;
			children = (
				8843D1332267D26F003EA1B5 /* AppDelegate.swift */,
				8843D1352267D26F003EA1B5 /* ViewController.swift */,
				8843D1372267D26F003EA1B5 /* Main.storyboard */,
				8843D13F2267D271003EA1B5 /* LaunchScreen.storyboard */,
				8843D1422267D271003EA1B5 /* Info.plist */,
				8843D13A2267D26F003EA1B5 /* LaraMobile.xcdatamodeld */,
			);
			path = LaraMobile;
			sourceTree = "<group>";
		};
		8843D1692267D31B003EA1B5 /* LaraMobileAdmin */ = {
			isa = PBXGroup;
			children = (
				8843D16A2267D31B003EA1B5 /* AppDelegate.swift */,
				8843D16C2267D31B003EA1B5 /* ViewController.swift */,
				8843D16E2267D31B003EA1B5 /* Main.storyboard */,
				8843D1732267D31C003EA1B5 /* LaunchScreen.storyboard */,
				8843D1762267D31C003EA1B5 /* Info.plist */,
			);
			path = LaraMobileAdmin;
			sourceTree = "<group>";
		};
		8843D17A2267D3C3003EA1B5 /* Shared */ = {
			isa = PBXGroup;
			children = (
				8843D13D2267D271003EA1B5 /* Assets.xcassets */,
			);
			path = Shared;
			sourceTree = "<group>";
		};
/* End PBXGroup section */

/* Begin PBXNativeTarget section */
		8843D12F2267D26F003EA1B5 /* LaraMobile */ = {
			isa = PBXNativeTarget;
			buildConfigurationList = 8843D15B2267D271003EA1B5 /* Build configuration list for PBXNativeTarget "LaraMobile" */;
			buildPhases = (
				8843D12C2267D26F003EA1B5 /* Sources */,
				8843D12D2267D26F003EA1B5 /* Frameworks */,
				8843D12E2267D26F003EA1B5 /* Resources */,
			);
			buildRules = (
			);
			dependencies = (
			);
			name = LaraMobile;
			productName = LaraMobile;
			productReference = 8843D1302267D26F003EA1B5 /* LaraMobile.app */;
			productType = "com.apple.product-type.application";
		};
		8843D1672267D31B003EA1B5 /* LaraMobileAdmin */ = {
			isa = PBXNativeTarget;
			buildConfigurationList = 8843D1772267D31C003EA1B5 /* Build configuration list for PBXNativeTarget "LaraMobileAdmin" */;
			buildPhases = (
				8843D1642267D31B003EA1B5 /* Sources */,
				8843D1652267D31B003EA1B5 /* Frameworks */,
				8843D1662267D31B003EA1B5 /* Resources */,
			);
			buildRules = (
			);
			dependencies = (
			);
			name = LaraMobileAdmin;
			productName = LaraMobileAdmin;
			productReference = 8843D1682267D31B003EA1B5 /* LaraMobileAdmin.app */;
			productType = "com.apple.product-type.application";
		};
/* End PBXNativeTarget section */

/* Begin PBXProject section */
		8843D1282267D26F003EA1B5 /* Project object */ = {
			isa = PBXProject;
			attributes = {
				LastSwiftUpdateCheck = 1010;
				LastUpgradeCheck = 1010;
				ORGANIZATIONNAME = Roxi;
				TargetAttributes = {
					8843D12F2267D26F003EA1B5 = {
						CreatedOnToolsVersion = 10.1;
					};
					8843D1672267D31B003EA1B5 = {
						CreatedOnToolsVersion = 10.1;
					};
				};
			};
			buildConfigurationList = 8843D12B2267D26F003EA1B5 /* Build configuration list for PBXProject "LaraMobile" */;
			compatibilityVersion = "Xcode 9.3";
			developmentRegion = en;
			hasScannedForEncodings = 0;
			knownRegions = (
				en,
				Base,
			);
			mainGroup = 8843D1272267D26F003EA1B5;
			productRefGroup = 8843D1312267D26F003EA1B5 /* Products */;
			projectDirPath = "";
			projectRoot = "";
			targets = (
				8843D12F2267D26F003EA1B5 /* LaraMobile */,
				8843D1672267D31B003EA1B5 /* LaraMobileAdmin */,
			);
		};
/* End PBXProject section */

/* Begin PBXResourcesBuildPhase section */
		8843D12E2267D26F003EA1B5 /* Resources */ = {
			isa = PBXResourcesBuildPhase;
			buildActionMask = 2147483647;
			files = (
				8843D1412267D271003EA1B5 /* LaunchScreen.storyboard in Resources */,
				8843D13E2267D271003EA1B5 /* Assets.xcassets in Resources */,
				8843D1392267D26F003EA1B5 /* Main.storyboard in Resources */,
			);
			runOnlyForDeploymentPostprocessing = 0;
		};
		8843D1662267D31B003EA1B5 /* Resources */ = {
			isa = PBXResourcesBuildPhase;
			buildActionMask = 2147483647;
			files = (
				8843D1752267D31C003EA1B5 /* LaunchScreen.storyboard in Resources */,
				8843D17B2267D436003EA1B5 /* Assets.xcassets in Resources */,
				8843D1702267D31B003EA1B5 /* Main.storyboard in Resources */,
			);
			runOnlyForDeploymentPostprocessing = 0;
		};
/* End PBXResourcesBuildPhase section */

/* Begin PBXSourcesBuildPhase section */
		8843D12C2267D26F003EA1B5 /* Sources */ = {
			isa = PBXSourcesBuildPhase;
			buildActionMask = 2147483647;
			files = (
				8843D1362267D26F003EA1B5 /* ViewController.swift in Sources */,
				8843D13C2267D26F003EA1B5 /* LaraMobile.xcdatamodeld in Sources */,
				8843D1342267D26F003EA1B5 /* AppDelegate.swift in Sources */,
			);
			runOnlyForDeploymentPostprocessing = 0;
		};
		8843D1642267D31B003EA1B5 /* Sources */ = {
			isa = PBXSourcesBuildPhase;
			buildActionMask = 2147483647;
			files = (
				8843D16D2267D31B003EA1B5 /* ViewController.swift in Sources */,
				8843D16B2267D31B003EA1B5 /* AppDelegate.swift in Sources */,
			);
			runOnlyForDeploymentPostprocessing = 0;
		};
/* End PBXSourcesBuildPhase section */

/* Begin PBXVariantGroup section */
		8843D1372267D26F003EA1B5 /* Main.storyboard */ = {
			isa = PBXVariantGroup;
			children = (
				8843D1382267D26F003EA1B5 /* Base */,
			);
			name = Main.storyboard;
			sourceTree = "<group>";
		};
		8843D13F2267D271003EA1B5 /* LaunchScreen.storyboard */ = {
			isa = PBXVariantGroup;
			children = (
				8843D1402267D271003EA1B5 /* Base */,
			);
			name = LaunchScreen.storyboard;
			sourceTree = "<group>";
		};
		8843D16E2267D31B003EA1B5 /* Main.storyboard */ = {
			isa = PBXVariantGroup;
			children = (
				8843D16F2267D31B003EA1B5 /* Base */,
			);
			name = Main.storyboard;
			sourceTree = "<group>";
		};
		8843D1732267D31C003EA1B5 /* LaunchScreen.storyboard */ = {
			isa = PBXVariantGroup;
			children = (
				8843D1742267D31C003EA1B5 /* Base */,
			);
			name = LaunchScreen.storyboard;
			sourceTree = "<group>";
		};
/* End PBXVariantGroup section */

/* Begin XCBuildConfiguration section */
		8843D1592267D271003EA1B5 /* Debug */ = {
			isa = XCBuildConfiguration;
			buildSettings = {
				ALWAYS_SEARCH_USER_PATHS = NO;
				CLANG_ANALYZER_NONNULL = YES;
				CLANG_ANALYZER_NUMBER_OBJECT_CONVERSION = YES_AGGRESSIVE;
				CLANG_CXX_LANGUAGE_STANDARD = "gnu++14";
				CLANG_CXX_LIBRARY = "libc++";
				CLANG_ENABLE_MODULES = YES;
				CLANG_ENABLE_OBJC_ARC = YES;
				CLANG_ENABLE_OBJC_WEAK = YES;
				CLANG_WARN_BLOCK_CAPTURE_AUTORELEASING = YES;
				CLANG_WARN_BOOL_CONVERSION = YES;
				CLANG_WARN_COMMA = YES;
				CLANG_WARN_CONSTANT_CONVERSION = YES;
				CLANG_WARN_DEPRECATED_OBJC_IMPLEMENTATIONS = YES;
				CLANG_WARN_DIRECT_OBJC_ISA_USAGE = YES_ERROR;
				CLANG_WARN_DOCUMENTATION_COMMENTS = YES;
				CLANG_WARN_EMPTY_BODY = YES;
				CLANG_WARN_ENUM_CONVERSION = YES;
				CLANG_WARN_INFINITE_RECURSION = YES;
				CLANG_WARN_INT_CONVERSION = YES;
				CLANG_WARN_NON_LITERAL_NULL_CONVERSION = YES;
				CLANG_WARN_OBJC_IMPLICIT_RETAIN_SELF = YES;
				CLANG_WARN_OBJC_LITERAL_CONVERSION = YES;
				CLANG_WARN_OBJC_ROOT_CLASS = YES_ERROR;
				CLANG_WARN_RANGE_LOOP_ANALYSIS = YES;
				CLANG_WARN_STRICT_PROTOTYPES = YES;
				CLANG_WARN_SUSPICIOUS_MOVE = YES;
				CLANG_WARN_UNGUARDED_AVAILABILITY = YES_AGGRESSIVE;
				CLANG_WARN_UNREACHABLE_CODE = YES;
				CLANG_WARN__DUPLICATE_METHOD_MATCH = YES;
				CODE_SIGN_IDENTITY = "iPhone Developer";
				COPY_PHASE_STRIP = NO;
				DEBUG_INFORMATION_FORMAT = dwarf;
				ENABLE_STRICT_OBJC_MSGSEND = YES;
				ENABLE_TESTABILITY = YES;
				GCC_C_LANGUAGE_STANDARD = gnu11;
				GCC_DYNAMIC_NO_PIC = NO;
				GCC_NO_COMMON_BLOCKS = YES;
				GCC_OPTIMIZATION_LEVEL = 0;
				GCC_PREPROCESSOR_DEFINITIONS = (
					"DEBUG=1",
					"$(inherited)",
				);
				GCC_WARN_64_TO_32_BIT_CONVERSION = YES;
				GCC_WARN_ABOUT_RETURN_TYPE = YES_ERROR;
				GCC_WARN_UNDECLARED_SELECTOR = YES;
				GCC_WARN_UNINITIALIZED_AUTOS = YES_AGGRESSIVE;
				GCC_WARN_UNUSED_FUNCTION = YES;
				GCC_WARN_UNUSED_VARIABLE = YES;
				IPHONEOS_DEPLOYMENT_TARGET = 12.1;
				MTL_ENABLE_DEBUG_INFO = INCLUDE_SOURCE;
				MTL_FAST_MATH = YES;
				ONLY_ACTIVE_ARCH = YES;
				SDKROOT = iphoneos;
				SWIFT_ACTIVE_COMPILATION_CONDITIONS = DEBUG;
				SWIFT_OPTIMIZATION_LEVEL = "-Onone";
			};
			name = Debug;
		};
		8843D15A2267D271003EA1B5 /* Release */ = {
			isa = XCBuildConfiguration;
			buildSettings = {
				ALWAYS_SEARCH_USER_PATHS = NO;
				CLANG_ANALYZER_NONNULL = YES;
				CLANG_ANALYZER_NUMBER_OBJECT_CONVERSION = YES_AGGRESSIVE;
				CLANG_CXX_LANGUAGE_STANDARD = "gnu++14";
				CLANG_CXX_LIBRARY = "libc++";
				CLANG_ENABLE_MODULES = YES;
				CLANG_ENABLE_OBJC_ARC = YES;
				CLANG_ENABLE_OBJC_WEAK = YES;
				CLANG_WARN_BLOCK_CAPTURE_AUTORELEASING = YES;
				CLANG_WARN_BOOL_CONVERSION = YES;
				CLANG_WARN_COMMA = YES;
				CLANG_WARN_CONSTANT_CONVERSION = YES;
				CLANG_WARN_DEPRECATED_OBJC_IMPLEMENTATIONS = YES;
				CLANG_WARN_DIRECT_OBJC_ISA_USAGE = YES_ERROR;
				CLANG_WARN_DOCUMENTATION_COMMENTS = YES;
				CLANG_WARN_EMPTY_BODY = YES;
				CLANG_WARN_ENUM_CONVERSION = YES;
				CLANG_WARN_INFINITE_RECURSION = YES;
				CLANG_WARN_INT_CONVERSION = YES;
				CLANG_WARN_NON_LITERAL_NULL_CONVERSION = YES;
				CLANG_WARN_OBJC_IMPLICIT_RETAIN_SELF = YES;
				CLANG_WARN_OBJC_LITERAL_CONVERSION = YES;
				CLANG_WARN_OBJC_ROOT_CLASS = YES_ERROR;
				CLANG_WARN_RANGE_LOOP_ANALYSIS = YES;
				CLANG_WARN_STRICT_PROTOTYPES = YES;
				CLANG_WARN_SUSPICIOUS_MOVE = YES;
				CLANG_WARN_UNGUARDED_AVAILABILITY = YES_AGGRESSIVE;
				CLANG_WARN_UNREACHABLE_CODE = YES;
				CLANG_WARN__DUPLICATE_METHOD_MATCH = YES;
				CODE_SIGN_IDENTITY = "iPhone Developer";
				COPY_PHASE_STRIP = NO;
				DEBUG_INFORMATION_FORMAT = "dwarf-with-dsym";
				ENABLE_NS_ASSERTIONS = NO;
				ENABLE_STRICT_OBJC_MSGSEND = YES;
				GCC_C_LANGUAGE_STANDARD = gnu11;
				GCC_NO_COMMON_BLOCKS = YES;
				GCC_WARN_64_TO_32_BIT_CONVERSION = YES;
				GCC_WARN_ABOUT_RETURN_TYPE = YES_ERROR;
				GCC_WARN_UNDECLARED_SELECTOR = YES;
				GCC_WARN_UNINITIALIZED_AUTOS = YES_AGGRESSIVE;
				GCC_WARN_UNUSED_FUNCTION = YES;
				GCC_WARN_UNUSED_VARIABLE = YES;
				IPHONEOS_DEPLOYMENT_TARGET = 12.1;
				MTL_ENABLE_DEBUG_INFO = NO;
				MTL_FAST_MATH = YES;
				SDKROOT = iphoneos;
				SWIFT_COMPILATION_MODE = wholemodule;
				SWIFT_OPTIMIZATION_LEVEL = "-O";
				VALIDATE_PRODUCT = YES;
			};
			name = Release;
		};
		8843D15C2267D271003EA1B5 /* Debug */ = {
			isa = XCBuildConfiguration;
			buildSettings = {
				ASSETCATALOG_COMPILER_APPICON_NAME = AppIcon;
				CODE_SIGN_STYLE = Automatic;
				INFOPLIST_FILE = LaraMobile/Info.plist;
				LD_RUNPATH_SEARCH_PATHS = (
					"$(inherited)",
					"@executable_path/Frameworks",
				);
				PRODUCT_BUNDLE_IDENTIFIER = com.Roxi.LaraMobile;
				PRODUCT_NAME = "$(TARGET_NAME)";
				SWIFT_VERSION = 4.2;
				TARGETED_DEVICE_FAMILY = "1,2";
			};
			name = Debug;
		};
		8843D15D2267D271003EA1B5 /* Release */ = {
			isa = XCBuildConfiguration;
			buildSettings = {
				ASSETCATALOG_COMPILER_APPICON_NAME = AppIcon;
				CODE_SIGN_STYLE = Automatic;
				INFOPLIST_FILE = LaraMobile/Info.plist;
				LD_RUNPATH_SEARCH_PATHS = (
					"$(inherited)",
					"@executable_path/Frameworks",
				);
				PRODUCT_BUNDLE_IDENTIFIER = com.Roxi.LaraMobile;
				PRODUCT_NAME = "$(TARGET_NAME)";
				SWIFT_VERSION = 4.2;
				TARGETED_DEVICE_FAMILY = "1,2";
			};
			name = Release;
		};
		8843D1782267D31C003EA1B5 /* Debug */ = {
			isa = XCBuildConfiguration;
			buildSettings = {
				ASSETCATALOG_COMPILER_APPICON_NAME = AppIcon;
				CODE_SIGN_STYLE = Automatic;
				INFOPLIST_FILE = LaraMobileAdmin/Info.plist;
				LD_RUNPATH_SEARCH_PATHS = (
					"$(inherited)",
					"@executable_path/Frameworks",
				);
				PRODUCT_BUNDLE_IDENTIFIER = com.Roxi.LaraMobileAdmin;
				PRODUCT_NAME = "$(TARGET_NAME)";
				SWIFT_VERSION = 4.2;
				TARGETED_DEVICE_FAMILY = "1,2";
			};
			name = Debug;
		};
		8843D1792267D31C003EA1B5 /* Release */ = {
			isa = XCBuildConfiguration;
			buildSettings = {
				ASSETCATALOG_COMPILER_APPICON_NAME = AppIcon;
				CODE_SIGN_STYLE = Automatic;
				INFOPLIST_FILE = LaraMobileAdmin/Info.plist;
				LD_RUNPATH_SEARCH_PATHS = (
					"$(inherited)",
					"@executable_path/Frameworks",
				);
				PRODUCT_BUNDLE_IDENTIFIER = com.Roxi.LaraMobileAdmin;
				PRODUCT_NAME = "$(TARGET_NAME)";
				SWIFT_VERSION = 4.2;
				TARGETED_DEVICE_FAMILY = "1,2";
			};
			name = Release;
		};
/* End XCBuildConfiguration section */

/* Begin XCConfigurationList section */
		8843D12B2267D26F003EA1B5 /* Build configuration list for PBXProject "LaraMobile" */ = {
			isa = XCConfigurationList;
			buildConfigurations = (
				8843D1592267D271003EA1B5 /* Debug */,
				8843D15A2267D271003EA1B5 /* Release */,
			);
			defaultConfigurationIsVisible = 0;
			defaultConfigurationName = Release;
		};
		8843D15B2267D271003EA1B5 /* Build configuration list for PBXNativeTarget "LaraMobile" */ = {
			isa = XCConfigurationList;
			buildConfigurations = (
				8843D15C2267D271003EA1B5 /* Debug */,
				8843D15D2267D271003EA1B5 /* Release */,
			);
			defaultConfigurationIsVisible = 0;
			defaultConfigurationName = Release;
		};
		8843D1772267D31C003EA1B5 /* Build configuration list for PBXNativeTarget "LaraMobileAdmin" */ = {
			isa = XCConfigurationList;
			buildConfigurations = (
				8843D1782267D31C003EA1B5 /* Debug */,
				8843D1792267D31C003EA1B5 /* Release */,
			);
			defaultConfigurationIsVisible = 0;
			defaultConfigurationName = Release;
		};
/* End XCConfigurationList section */

/* Begin XCVersionGroup section */
		8843D13A2267D26F003EA1B5 /* LaraMobile.xcdatamodeld */ = {
			isa = XCVersionGroup;
			children = (
				8843D13B2267D26F003EA1B5 /* LaraMobile.xcdatamodel */,
			);
			currentVersion = 8843D13B2267D26F003EA1B5 /* LaraMobile.xcdatamodel */;
			path = LaraMobile.xcdatamodeld;
			sourceTree = "<group>";
			versionGroupType = wrapper.xcdatamodel;
		};
/* End XCVersionGroup section */
	};
	rootObject = 8843D1282267D26F003EA1B5 /* Project object */;
}
